
Microsoft Visual Studio Solution File, Format Version 12.00
# Visual Studio Version 16
VisualStudioVersion = 16.0.30523.141
MinimumVisualStudioVersion = 10.0.40219.1
Project("{FAE04EC0-301F-11D3-BF4B-00C04F79EFBC}") = "ListBox_ComboBox_Lab", "ListBox_ComboBox_Lab\ListBox_ComboBox_Lab.csproj", "{934C1E92-5CC4-4F7A-B48B-49905398B9CD}"
EndProject
Global
	GlobalSection(SolutionConfigurationPlatforms) = preSolution
		Debug|Any CPU = Debug|Any CPU
		Release|Any CPU = Release|Any CPU
	EndGlobalSection
	GlobalSection(ProjectConfigurationPlatforms) = postSolution
		{934C1E92-5CC4-4F7A-B48B-49905398B9CD}.Debug|Any CPU.ActiveCfg = Debug|Any CPU
		{934C1E92-5CC4-4F7A-B48B-49905398B9CD}.Debug|Any CPU.Build.0 = Debug|Any CPU
		{934C1E92-5CC4-4F7A-B48B-49905398B9CD}.Release|Any CPU.ActiveCfg = Release|Any CPU
		{934C1E92-5CC4-4F7A-B48B-49905398B9CD}.Release|Any CPU.Build.0 = Release|Any CPU
	EndGlobalSection
	GlobalSection(SolutionProperties) = preSolution
		HideSolutionNode = FALSE
	EndGlobalSection
	GlobalSection(ExtensibilityGlobals) = postSolution
		SolutionGuid = {15ACC697-2A7C-4528-A92C-35894B908A80}
	EndGlobalSection
EndGlobal
